
Microsoft Visual Studio Solution File, Format Version 12.00
# Visual Studio 14
VisualStudioVersion = 14.0.25420.1
MinimumVisualStudioVersion = 10.0.40219.1
Project("{FAE04EC0-301F-11D3-BF4B-00C04F79EFBC}") = "MichaelsLeveling", "MichaelsLeveling\MichaelsLeveling.csproj", "{4B8BAABA-4D0E-4D43-BFA5-502E850CA7AF}"
EndProject
Project("{FAE04EC0-301F-11D3-BF4B-00C04F79EFBC}") = "LevelingTest", "LevelingTest\LevelingTest.csproj", "{8481F254-5C1A-42DD-B939-94C65FE235ED}"
EndProject
Project("{FAE04EC0-301F-11D3-BF4B-00C04F79EFBC}") = "CSharpMastery", "CSharpMastery\CSharpMastery.csproj", "{A903338A-FABF-47C8-A1BA-83AC0553B3C5}"
EndProject
Global
	GlobalSection(SolutionConfigurationPlatforms) = preSolution
		Debug|Any CPU = Debug|Any CPU
		Release|Any CPU = Release|Any CPU
	EndGlobalSection
	GlobalSection(ProjectConfigurationPlatforms) = postSolution
		{4B8BAABA-4D0E-4D43-BFA5-502E850CA7AF}.Debug|Any CPU.ActiveCfg = Debug|Any CPU
		{4B8BAABA-4D0E-4D43-BFA5-502E850CA7AF}.Debug|Any CPU.Build.0 = Debug|Any CPU
		{4B8BAABA-4D0E-4D43-BFA5-502E850CA7AF}.Release|Any CPU.ActiveCfg = Release|Any CPU
		{4B8BAABA-4D0E-4D43-BFA5-502E850CA7AF}.Release|Any CPU.Build.0 = Release|Any CPU
		{8481F254-5C1A-42DD-B939-94C65FE235ED}.Debug|Any CPU.ActiveCfg = Debug|Any CPU
		{8481F254-5C1A-42DD-B939-94C65FE235ED}.Debug|Any CPU.Build.0 = Debug|Any CPU
		{8481F254-5C1A-42DD-B939-94C65FE235ED}.Release|Any CPU.ActiveCfg = Release|Any CPU
		{8481F254-5C1A-42DD-B939-94C65FE235ED}.Release|Any CPU.Build.0 = Release|Any CPU
		{A903338A-FABF-47C8-A1BA-83AC0553B3C5}.Debug|Any CPU.ActiveCfg = Debug|Any CPU
		{A903338A-FABF-47C8-A1BA-83AC0553B3C5}.Debug|Any CPU.Build.0 = Debug|Any CPU
		{A903338A-FABF-47C8-A1BA-83AC0553B3C5}.Release|Any CPU.ActiveCfg = Release|Any CPU
		{A903338A-FABF-47C8-A1BA-83AC0553B3C5}.Release|Any CPU.Build.0 = Release|Any CPU
	EndGlobalSection
	GlobalSection(SolutionProperties) = preSolution
		HideSolutionNode = FALSE
	EndGlobalSection
EndGlobal
